
Microsoft Visual Studio Solution File, Format Version 12.00
# Visual Studio Version 17
VisualStudioVersion = 17.4.33213.308
MinimumVisualStudioVersion = 10.0.40219.1
Project("{FAE04EC0-301F-11D3-BF4B-00C04F79EFBC}") = "ServerCB", "ServerCB\ServerCB.csproj", "{59514591-93DE-4306-BCD1-9A0CAA7AFD0A}"
EndProject
Global
	GlobalSection(SolutionConfigurationPlatforms) = preSolution
		Debug|Any CPU = Debug|Any CPU
		Release|Any CPU = Release|Any CPU
	EndGlobalSection
	GlobalSection(ProjectConfigurationPlatforms) = postSolution
		{59514591-93DE-4306-BCD1-9A0CAA7AFD0A}.Debug|Any CPU.ActiveCfg = Debug|Any CPU
		{59514591-93DE-4306-BCD1-9A0CAA7AFD0A}.Debug|Any CPU.Build.0 = Debug|Any CPU
		{59514591-93DE-4306-BCD1-9A0CAA7AFD0A}.Release|Any CPU.ActiveCfg = Release|Any CPU
		{59514591-93DE-4306-BCD1-9A0CAA7AFD0A}.Release|Any CPU.Build.0 = Release|Any CPU
	EndGlobalSection
	GlobalSection(SolutionProperties) = preSolution
		HideSolutionNode = FALSE
	EndGlobalSection
	GlobalSection(ExtensibilityGlobals) = postSolution
		SolutionGuid = {6723E266-AEA3-441F-9F31-D5083C28F9B2}
	EndGlobalSection
EndGlobal
